
Microsoft Visual Studio Solution File, Format Version 12.00
# Visual Studio Version 17
VisualStudioVersion = 17.3.32922.545
MinimumVisualStudioVersion = 10.0.40219.1
Project("{9A19103F-16F7-4668-BE54-9A1E7A4F7556}") = "ML_Sentiment", "ML_Sentiment\ML_Sentiment.csproj", "{B0B1ADA2-A620-4A1F-AD60-C0AFDFD0654A}"
EndProject
Project("{9A19103F-16F7-4668-BE54-9A1E7A4F7556}") = "MLSentimentModel_WebApi", "MLSentimentModel_WebApi\MLSentimentModel_WebApi.csproj", "{67AABD99-BE1F-4856-9F8C-48608262D9EF}"
EndProject
Global
	GlobalSection(SolutionConfigurationPlatforms) = preSolution
		Debug|Any CPU = Debug|Any CPU
		Release|Any CPU = Release|Any CPU
	EndGlobalSection
	GlobalSection(ProjectConfigurationPlatforms) = postSolution
		{B0B1ADA2-A620-4A1F-AD60-C0AFDFD0654A}.Debug|Any CPU.ActiveCfg = Debug|Any CPU
		{B0B1ADA2-A620-4A1F-AD60-C0AFDFD0654A}.Debug|Any CPU.Build.0 = Debug|Any CPU
		{B0B1ADA2-A620-4A1F-AD60-C0AFDFD0654A}.Release|Any CPU.ActiveCfg = Release|Any CPU
		{B0B1ADA2-A620-4A1F-AD60-C0AFDFD0654A}.Release|Any CPU.Build.0 = Release|Any CPU
		{67AABD99-BE1F-4856-9F8C-48608262D9EF}.Debug|Any CPU.ActiveCfg = Debug|Any CPU
		{67AABD99-BE1F-4856-9F8C-48608262D9EF}.Debug|Any CPU.Build.0 = Debug|Any CPU
		{67AABD99-BE1F-4856-9F8C-48608262D9EF}.Release|Any CPU.ActiveCfg = Release|Any CPU
		{67AABD99-BE1F-4856-9F8C-48608262D9EF}.Release|Any CPU.Build.0 = Release|Any CPU
	EndGlobalSection
	GlobalSection(SolutionProperties) = preSolution
		HideSolutionNode = FALSE
	EndGlobalSection
	GlobalSection(ExtensibilityGlobals) = postSolution
		SolutionGuid = {CF8EA13C-BA77-4742-B832-CEE08764CBE6}
	EndGlobalSection
EndGlobal
