
Microsoft Visual Studio Solution File, Format Version 12.00
# Visual Studio Version 17
VisualStudioVersion = 17.3.32922.545
MinimumVisualStudioVersion = 10.0.40219.1
Project("{9A19103F-16F7-4668-BE54-9A1E7A4F7556}") = "MLSentimentModel_WebApi", "MLSentimentModel_WebApi\MLSentimentModel_WebApi.csproj", "{8F2FBAA1-82EF-48C3-BA38-854AB3BA204A}"
EndProject
Global
	GlobalSection(SolutionConfigurationPlatforms) = preSolution
		Debug|Any CPU = Debug|Any CPU
		Release|Any CPU = Release|Any CPU
	EndGlobalSection
	GlobalSection(ProjectConfigurationPlatforms) = postSolution
		{8F2FBAA1-82EF-48C3-BA38-854AB3BA204A}.Debug|Any CPU.ActiveCfg = Debug|Any CPU
		{8F2FBAA1-82EF-48C3-BA38-854AB3BA204A}.Debug|Any CPU.Build.0 = Debug|Any CPU
		{8F2FBAA1-82EF-48C3-BA38-854AB3BA204A}.Release|Any CPU.ActiveCfg = Release|Any CPU
		{8F2FBAA1-82EF-48C3-BA38-854AB3BA204A}.Release|Any CPU.Build.0 = Release|Any CPU
	EndGlobalSection
	GlobalSection(SolutionProperties) = preSolution
		HideSolutionNode = FALSE
	EndGlobalSection
	GlobalSection(ExtensibilityGlobals) = postSolution
		SolutionGuid = {CF8EA13C-BA77-4742-B832-CEE08764CBE6}
	EndGlobalSection
EndGlobal
